// !$*UTF8*$!
{
	archiveVersion = 1;
	classes = {
	};
	objectVersion = 50;
	objects = {

/* Begin PBXBuildFile section */
		992E772025C98F9C009B6DAA /* AnimationApp.swift in Sources */ = {isa = PBXBuildFile; fileRef = 992E771F25C98F9C009B6DAA /* AnimationApp.swift */; };
		992E772225C98F9C009B6DAA /* ContentView.swift in Sources */ = {isa = PBXBuildFile; fileRef = 992E772125C98F9C009B6DAA /* ContentView.swift */; };
		992E772425C98FA2009B6DAA /* Assets.xcassets in Resources */ = {isa = PBXBuildFile; fileRef = 992E772325C98FA2009B6DAA /* Assets.xcassets */; };
		992E772725C98FA2009B6DAA /* Preview Assets.xcassets in Resources */ = {isa = PBXBuildFile; fileRef = 992E772625C98FA2009B6DAA /* Preview Assets.xcassets */; };
		992E772925C98FA2009B6DAA /* Persistence.swift in Sources */ = {isa = PBXBuildFile; fileRef = 992E772825C98FA2009B6DAA /* Persistence.swift */; };
		992E772C25C98FA2009B6DAA /* Animation.xcdatamodeld in Sources */ = {isa = PBXBuildFile; fileRef = 992E772A25C98FA2009B6DAA /* Animation.xcdatamodeld */; };
		992E773725C98FA2009B6DAA /* AnimationTests.swift in Sources */ = {isa = PBXBuildFile; fileRef = 992E773625C98FA2009B6DAA /* AnimationTests.swift */; };
		992E774225C98FA2009B6DAA /* AnimationUITests.swift in Sources */ = {isa = PBXBuildFile; fileRef = 992E774125C98FA2009B6DAA /* AnimationUITests.swift */; };
		993A851C25D45228007F6F22 /* CardView.swift in Sources */ = {isa = PBXBuildFile; fileRef = 993A851B25D45228007F6F22 /* CardView.swift */; };
/* End PBXBuildFile section */

/* Begin PBXContainerItemProxy section */
		992E773325C98FA2009B6DAA /* PBXContainerItemProxy */ = {
			isa = PBXContainerItemProxy;
			containerPortal = 992E771425C98F9C009B6DAA /* Project object */;
			proxyType = 1;
			remoteGlobalIDString = 992E771B25C98F9C009B6DAA;
			remoteInfo = Animation;
		};
		992E773E25C98FA2009B6DAA /* PBXContainerItemProxy */ = {
			isa = PBXContainerItemProxy;
			containerPortal = 992E771425C98F9C009B6DAA /* Project object */;
			proxyType = 1;
			remoteGlobalIDString = 992E771B25C98F9C009B6DAA;
			remoteInfo = Animation;
		};
/* End PBXContainerItemProxy section */

/* Begin PBXFileReference section */
		992E771C25C98F9C009B6DAA /* Animation.app */ = {isa = PBXFileReference; explicitFileType = wrapper.application; includeInIndex = 0; path = Animation.app; sourceTree = BUILT_PRODUCTS_DIR; };
		992E771F25C98F9C009B6DAA /* AnimationApp.swift */ = {isa = PBXFileReference; lastKnownFileType = sourcecode.swift; path = AnimationApp.swift; sourceTree = "<group>"; };
		992E772125C98F9C009B6DAA /* ContentView.swift */ = {isa = PBXFileReference; lastKnownFileType = sourcecode.swift; path = ContentView.swift; sourceTree = "<group>"; };
		992E772325C98FA2009B6DAA /* Assets.xcassets */ = {isa = PBXFileReference; lastKnownFileType = folder.assetcatalog; path = Assets.xcassets; sourceTree = "<group>"; };
		992E772625C98FA2009B6DAA /* Preview Assets.xcassets */ = {isa = PBXFileReference; lastKnownFileType = folder.assetcatalog; path = "Preview Assets.xcassets"; sourceTree = "<group>"; };
		992E772825C98FA2009B6DAA /* Persistence.swift */ = {isa = PBXFileReference; lastKnownFileType = sourcecode.swift; path = Persistence.swift; sourceTree = "<group>"; };
		992E772B25C98FA2009B6DAA /* Animation.xcdatamodel */ = {isa = PBXFileReference; lastKnownFileType = wrapper.xcdatamodel; path = Animation.xcdatamodel; sourceTree = "<group>"; };
		992E772D25C98FA2009B6DAA /* Info.plist */ = {isa = PBXFileReference; lastKnownFileType = text.plist.xml; path = Info.plist; sourceTree = "<group>"; };
		992E773225C98FA2009B6DAA /* AnimationTests.xctest */ = {isa = PBXFileReference; explicitFileType = wrapper.cfbundle; includeInIndex = 0; path = AnimationTests.xctest; sourceTree = BUILT_PRODUCTS_DIR; };
		992E773625C98FA2009B6DAA /* AnimationTests.swift */ = {isa = PBXFileReference; lastKnownFileType = sourcecode.swift; path = AnimationTests.swift; sourceTree = "<group>"; };
		992E773825C98FA2009B6DAA /* Info.plist */ = {isa = PBXFileReference; lastKnownFileType = text.plist.xml; path = Info.plist; sourceTree = "<group>"; };
		992E773D25C98FA2009B6DAA /* AnimationUITests.xctest */ = {isa = PBXFileReference; explicitFileType = wrapper.cfbundle; includeInIndex = 0; path = AnimationUITests.xctest; sourceTree = BUILT_PRODUCTS_DIR; };
		992E774125C98FA2009B6DAA /* AnimationUITests.swift */ = {isa = PBXFileReference; lastKnownFileType = sourcecode.swift; path = AnimationUITests.swift; sourceTree = "<group>"; };
		992E774325C98FA2009B6DAA /* Info.plist */ = {isa = PBXFileReference; lastKnownFileType = text.plist.xml; path = Info.plist; sourceTree = "<group>"; };
		993A851B25D45228007F6F22 /* CardView.swift */ = {isa = PBXFileReference; fileEncoding = 4; lastKnownFileType = sourcecode.swift; path = CardView.swift; sourceTree = "<group>"; };
/* End PBXFileReference section */

/* Begin PBXFrameworksBuildPhase section */
		992E771925C98F9C009B6DAA /* Frameworks */ = {
			isa = PBXFrameworksBuildPhase;
			buildActionMask = 2147483647;
			files = (
			);
			runOnlyForDeploymentPostprocessing = 0;
		};
		992E772F25C98FA2009B6DAA /* Frameworks */ = {
			isa = PBXFrameworksBuildPhase;
			buildActionMask = 2147483647;
			files = (
			);
			runOnlyForDeploymentPostprocessing = 0;
		};
		992E773A25C98FA2009B6DAA /* Frameworks */ = {
			isa = PBXFrameworksBuildPhase;
			buildActionMask = 2147483647;
			files = (
			);
			runOnlyForDeploymentPostprocessing = 0;
		};
/* End PBXFrameworksBuildPhase section */

/* Begin PBXGroup section */
		992E771325C98F9C009B6DAA = {
			isa = PBXGroup;
			children = (
				992E771E25C98F9C009B6DAA /* Animation */,
				992E773525C98FA2009B6DAA /* AnimationTests */,
				992E774025C98FA2009B6DAA /* AnimationUITests */,
				992E771D25C98F9C009B6DAA /* Products */,
			);
			sourceTree = "<group>";
		};
		992E771D25C98F9C009B6DAA /* Products */ = {
			isa = PBXGroup;
			children = (
				992E771C25C98F9C009B6DAA /* Animation.app */,
				992E773225C98FA2009B6DAA /* AnimationTests.xctest */,
				992E773D25C98FA2009B6DAA /* AnimationUITests.xctest */,
			);
			name = Products;
			sourceTree = "<group>";
		};
		992E771E25C98F9C009B6DAA /* Animation */ = {
			isa = PBXGroup;
			children = (
				992E771F25C98F9C009B6DAA /* AnimationApp.swift */,
				992E772125C98F9C009B6DAA /* ContentView.swift */,
				993A851B25D45228007F6F22 /* CardView.swift */,
				992E772325C98FA2009B6DAA /* Assets.xcassets */,
				992E772825C98FA2009B6DAA /* Persistence.swift */,
				992E772D25C98FA2009B6DAA /* Info.plist */,
				992E772A25C98FA2009B6DAA /* Animation.xcdatamodeld */,
				992E772525C98FA2009B6DAA /* Preview Content */,
			);
			path = Animation;
			sourceTree = "<group>";
		};
		992E772525C98FA2009B6DAA /* Preview Content */ = {
			isa = PBXGroup;
			children = (
				992E772625C98FA2009B6DAA /* Preview Assets.xcassets */,
			);
			path = "Preview Content";
			sourceTree = "<group>";
		};
		992E773525C98FA2009B6DAA /* AnimationTests */ = {
			isa = PBXGroup;
			children = (
				992E773625C98FA2009B6DAA /* AnimationTests.swift */,
				992E773825C98FA2009B6DAA /* Info.plist */,
			);
			path = AnimationTests;
			sourceTree = "<group>";
		};
		992E774025C98FA2009B6DAA /* AnimationUITests */ = {
			isa = PBXGroup;
			children = (
				992E774125C98FA2009B6DAA /* AnimationUITests.swift */,
				992E774325C98FA2009B6DAA /* Info.plist */,
			);
			path = AnimationUITests;
			sourceTree = "<group>";
		};
/* End PBXGroup section */

/* Begin PBXNativeTarget section */
		992E771B25C98F9C009B6DAA /* Animation */ = {
			isa = PBXNativeTarget;
			buildConfigurationList = 992E774625C98FA2009B6DAA /* Build configuration list for PBXNativeTarget "Animation" */;
			buildPhases = (
				992E771825C98F9C009B6DAA /* Sources */,
				992E771925C98F9C009B6DAA /* Frameworks */,
				992E771A25C98F9C009B6DAA /* Resources */,
			);
			buildRules = (
			);
			dependencies = (
			);
			name = Animation;
			productName = Animation;
			productReference = 992E771C25C98F9C009B6DAA /* Animation.app */;
			productType = "com.apple.product-type.application";
		};
		992E773125C98FA2009B6DAA /* AnimationTests */ = {
			isa = PBXNativeTarget;
			buildConfigurationList = 992E774925C98FA2009B6DAA /* Build configuration list for PBXNativeTarget "AnimationTests" */;
			buildPhases = (
				992E772E25C98FA2009B6DAA /* Sources */,
				992E772F25C98FA2009B6DAA /* Frameworks */,
				992E773025C98FA2009B6DAA /* Resources */,
			);
			buildRules = (
			);
			dependencies = (
				992E773425C98FA2009B6DAA /* PBXTargetDependency */,
			);
			name = AnimationTests;
			productName = AnimationTests;
			productReference = 992E773225C98FA2009B6DAA /* AnimationTests.xctest */;
			productType = "com.apple.product-type.bundle.unit-test";
		};
		992E773C25C98FA2009B6DAA /* AnimationUITests */ = {
			isa = PBXNativeTarget;
			buildConfigurationList = 992E774C25C98FA2009B6DAA /* Build configuration list for PBXNativeTarget "AnimationUITests" */;
			buildPhases = (
				992E773925C98FA2009B6DAA /* Sources */,
				992E773A25C98FA2009B6DAA /* Frameworks */,
				992E773B25C98FA2009B6DAA /* Resources */,
			);
			buildRules = (
			);
			dependencies = (
				992E773F25C98FA2009B6DAA /* PBXTargetDependency */,
			);
			name = AnimationUITests;
			productName = AnimationUITests;
			productReference = 992E773D25C98FA2009B6DAA /* AnimationUITests.xctest */;
			productType = "com.apple.product-type.bundle.ui-testing";
		};
/* End PBXNativeTarget section */

/* Begin PBXProject section */
		992E771425C98F9C009B6DAA /* Project object */ = {
			isa = PBXProject;
			attributes = {
				LastSwiftUpdateCheck = 1230;
				LastUpgradeCheck = 1230;
				TargetAttributes = {
					992E771B25C98F9C009B6DAA = {
						CreatedOnToolsVersion = 12.3;
					};
					992E773125C98FA2009B6DAA = {
						CreatedOnToolsVersion = 12.3;
						TestTargetID = 992E771B25C98F9C009B6DAA;
					};
					992E773C25C98FA2009B6DAA = {
						CreatedOnToolsVersion = 12.3;
						TestTargetID = 992E771B25C98F9C009B6DAA;
					};
				};
			};
			buildConfigurationList = 992E771725C98F9C009B6DAA /* Build configuration list for PBXProject "Animation" */;
			compatibilityVersion = "Xcode 9.3";
			developmentRegion = en;
			hasScannedForEncodings = 0;
			knownRegions = (
				en,
				Base,
			);
			mainGroup = 992E771325C98F9C009B6DAA;
			productRefGroup = 992E771D25C98F9C009B6DAA /* Products */;
			projectDirPath = "";
			projectRoot = "";
			targets = (
				992E771B25C98F9C009B6DAA /* Animation */,
				992E773125C98FA2009B6DAA /* AnimationTests */,
				992E773C25C98FA2009B6DAA /* AnimationUITests */,
			);
		};
/* End PBXProject section */

/* Begin PBXResourcesBuildPhase section */
		992E771A25C98F9C009B6DAA /* Resources */ = {
			isa = PBXResourcesBuildPhase;
			buildActionMask = 2147483647;
			files = (
				992E772725C98FA2009B6DAA /* Preview Assets.xcassets in Resources */,
				992E772425C98FA2009B6DAA /* Assets.xcassets in Resources */,
			);
			runOnlyForDeploymentPostprocessing = 0;
		};
		992E773025C98FA2009B6DAA /* Resources */ = {
			isa = PBXResourcesBuildPhase;
			buildActionMask = 2147483647;
			files = (
			);
			runOnlyForDeploymentPostprocessing = 0;
		};
		992E773B25C98FA2009B6DAA /* Resources */ = {
			isa = PBXResourcesBuildPhase;
			buildActionMask = 2147483647;
			files = (
			);
			runOnlyForDeploymentPostprocessing = 0;
		};
/* End PBXResourcesBuildPhase section */

/* Begin PBXSourcesBuildPhase section */
		992E771825C98F9C009B6DAA /* Sources */ = {
			isa = PBXSourcesBuildPhase;
			buildActionMask = 2147483647;
			files = (
				992E772925C98FA2009B6DAA /* Persistence.swift in Sources */,
				992E772225C98F9C009B6DAA /* ContentView.swift in Sources */,
				992E772C25C98FA2009B6DAA /* Animation.xcdatamodeld in Sources */,
				992E772025C98F9C009B6DAA /* AnimationApp.swift in Sources */,
				993A851C25D45228007F6F22 /* CardView.swift in Sources */,
			);
			runOnlyForDeploymentPostprocessing = 0;
		};
		992E772E25C98FA2009B6DAA /* Sources */ = {
			isa = PBXSourcesBuildPhase;
			buildActionMask = 2147483647;
			files = (
				992E773725C98FA2009B6DAA /* AnimationTests.swift in Sources */,
			);
			runOnlyForDeploymentPostprocessing = 0;
		};
		992E773925C98FA2009B6DAA /* Sources */ = {
			isa = PBXSourcesBuildPhase;
			buildActionMask = 2147483647;
			files = (
				992E774225C98FA2009B6DAA /* AnimationUITests.swift in Sources */,
			);
			runOnlyForDeploymentPostprocessing = 0;
		};
/* End PBXSourcesBuildPhase section */

/* Begin PBXTargetDependency section */
		992E773425C98FA2009B6DAA /* PBXTargetDependency */ = {
			isa = PBXTargetDependency;
			target = 992E771B25C98F9C009B6DAA /* Animation */;
			targetProxy = 992E773325C98FA2009B6DAA /* PBXContainerItemProxy */;
		};
		992E773F25C98FA2009B6DAA /* PBXTargetDependency */ = {
			isa = PBXTargetDependency;
			target = 992E771B25C98F9C009B6DAA /* Animation */;
			targetProxy = 992E773E25C98FA2009B6DAA /* PBXContainerItemProxy */;
		};
/* End PBXTargetDependency section */

/* Begin XCBuildConfiguration section */
		992E774425C98FA2009B6DAA /* Debug */ = {
			isa = XCBuildConfiguration;
			buildSettings = {
				ALWAYS_SEARCH_USER_PATHS = NO;
				CLANG_ANALYZER_NONNULL = YES;
				CLANG_ANALYZER_NUMBER_OBJECT_CONVERSION = YES_AGGRESSIVE;
				CLANG_CXX_LANGUAGE_STANDARD = "gnu++14";
				CLANG_CXX_LIBRARY = "libc++";
				CLANG_ENABLE_MODULES = YES;
				CLANG_ENABLE_OBJC_ARC = YES;
				CLANG_ENABLE_OBJC_WEAK = YES;
				CLANG_WARN_BLOCK_CAPTURE_AUTORELEASING = YES;
				CLANG_WARN_BOOL_CONVERSION = YES;
				CLANG_WARN_COMMA = YES;
				CLANG_WARN_CONSTANT_CONVERSION = YES;
				CLANG_WARN_DEPRECATED_OBJC_IMPLEMENTATIONS = YES;
				CLANG_WARN_DIRECT_OBJC_ISA_USAGE = YES_ERROR;
				CLANG_WARN_DOCUMENTATION_COMMENTS = YES;
				CLANG_WARN_EMPTY_BODY = YES;
				CLANG_WARN_ENUM_CONVERSION = YES;
				CLANG_WARN_INFINITE_RECURSION = YES;
				CLANG_WARN_INT_CONVERSION = YES;
				CLANG_WARN_NON_LITERAL_NULL_CONVERSION = YES;
				CLANG_WARN_OBJC_IMPLICIT_RETAIN_SELF = YES;
				CLANG_WARN_OBJC_LITERAL_CONVERSION = YES;
				CLANG_WARN_OBJC_ROOT_CLASS = YES_ERROR;
				CLANG_WARN_QUOTED_INCLUDE_IN_FRAMEWORK_HEADER = YES;
				CLANG_WARN_RANGE_LOOP_ANALYSIS = YES;
				CLANG_WARN_STRICT_PROTOTYPES = YES;
				CLANG_WARN_SUSPICIOUS_MOVE = YES;
				CLANG_WARN_UNGUARDED_AVAILABILITY = YES_AGGRESSIVE;
				CLANG_WARN_UNREACHABLE_CODE = YES;
				CLANG_WARN__DUPLICATE_METHOD_MATCH = YES;
				COPY_PHASE_STRIP = NO;
				DEBUG_INFORMATION_FORMAT = dwarf;
				ENABLE_STRICT_OBJC_MSGSEND = YES;
				ENABLE_TESTABILITY = YES;
				GCC_C_LANGUAGE_STANDARD = gnu11;
				GCC_DYNAMIC_NO_PIC = NO;
				GCC_NO_COMMON_BLOCKS = YES;
				GCC_OPTIMIZATION_LEVEL = 0;
				GCC_PREPROCESSOR_DEFINITIONS = (
					"DEBUG=1",
					"$(inherited)",
				);
				GCC_WARN_64_TO_32_BIT_CONVERSION = YES;
				GCC_WARN_ABOUT_RETURN_TYPE = YES_ERROR;
				GCC_WARN_UNDECLARED_SELECTOR = YES;
				GCC_WARN_UNINITIALIZED_AUTOS = YES_AGGRESSIVE;
				GCC_WARN_UNUSED_FUNCTION = YES;
				GCC_WARN_UNUSED_VARIABLE = YES;
				IPHONEOS_DEPLOYMENT_TARGET = 14.3;
				MTL_ENABLE_DEBUG_INFO = INCLUDE_SOURCE;
				MTL_FAST_MATH = YES;
				ONLY_ACTIVE_ARCH = YES;
				SDKROOT = iphoneos;
				SWIFT_ACTIVE_COMPILATION_CONDITIONS = DEBUG;
				SWIFT_OPTIMIZATION_LEVEL = "-Onone";
			};
			name = Debug;
		};
		992E774525C98FA2009B6DAA /* Release */ = {
			isa = XCBuildConfiguration;
			buildSettings = {
				ALWAYS_SEARCH_USER_PATHS = NO;
				CLANG_ANALYZER_NONNULL = YES;
				CLANG_ANALYZER_NUMBER_OBJECT_CONVERSION = YES_AGGRESSIVE;
				CLANG_CXX_LANGUAGE_STANDARD = "gnu++14";
				CLANG_CXX_LIBRARY = "libc++";
				CLANG_ENABLE_MODULES = YES;
				CLANG_ENABLE_OBJC_ARC = YES;
				CLANG_ENABLE_OBJC_WEAK = YES;
				CLANG_WARN_BLOCK_CAPTURE_AUTORELEASING = YES;
				CLANG_WARN_BOOL_CONVERSION = YES;
				CLANG_WARN_COMMA = YES;
				CLANG_WARN_CONSTANT_CONVERSION = YES;
				CLANG_WARN_DEPRECATED_OBJC_IMPLEMENTATIONS = YES;
				CLANG_WARN_DIRECT_OBJC_ISA_USAGE = YES_ERROR;
				CLANG_WARN_DOCUMENTATION_COMMENTS = YES;
				CLANG_WARN_EMPTY_BODY = YES;
				CLANG_WARN_ENUM_CONVERSION = YES;
				CLANG_WARN_INFINITE_RECURSION = YES;
				CLANG_WARN_INT_CONVERSION = YES;
				CLANG_WARN_NON_LITERAL_NULL_CONVERSION = YES;
				CLANG_WARN_OBJC_IMPLICIT_RETAIN_SELF = YES;
				CLANG_WARN_OBJC_LITERAL_CONVERSION = YES;
				CLANG_WARN_OBJC_ROOT_CLASS = YES_ERROR;
				CLANG_WARN_QUOTED_INCLUDE_IN_FRAMEWORK_HEADER = YES;
				CLANG_WARN_RANGE_LOOP_ANALYSIS = YES;
				CLANG_WARN_STRICT_PROTOTYPES = YES;
				CLANG_WARN_SUSPICIOUS_MOVE = YES;
				CLANG_WARN_UNGUARDED_AVAILABILITY = YES_AGGRESSIVE;
				CLANG_WARN_UNREACHABLE_CODE = YES;
				CLANG_WARN__DUPLICATE_METHOD_MATCH = YES;
				COPY_PHASE_STRIP = NO;
				DEBUG_INFORMATION_FORMAT = "dwarf-with-dsym";
				ENABLE_NS_ASSERTIONS = NO;
				ENABLE_STRICT_OBJC_MSGSEND = YES;
				GCC_C_LANGUAGE_STANDARD = gnu11;
				GCC_NO_COMMON_BLOCKS = YES;
				GCC_WARN_64_TO_32_BIT_CONVERSION = YES;
				GCC_WARN_ABOUT_RETURN_TYPE = YES_ERROR;
				GCC_WARN_UNDECLARED_SELECTOR = YES;
				GCC_WARN_UNINITIALIZED_AUTOS = YES_AGGRESSIVE;
				GCC_WARN_UNUSED_FUNCTION = YES;
				GCC_WARN_UNUSED_VARIABLE = YES;
				IPHONEOS_DEPLOYMENT_TARGET = 14.3;
				MTL_ENABLE_DEBUG_INFO = NO;
				MTL_FAST_MATH = YES;
				SDKROOT = iphoneos;
				SWIFT_COMPILATION_MODE = wholemodule;
				SWIFT_OPTIMIZATION_LEVEL = "-O";
				VALIDATE_PRODUCT = YES;
			};
			name = Release;
		};
		992E774725C98FA2009B6DAA /* Debug */ = {
			isa = XCBuildConfiguration;
			buildSettings = {
				ASSETCATALOG_COMPILER_APPICON_NAME = AppIcon;
				ASSETCATALOG_COMPILER_GLOBAL_ACCENT_COLOR_NAME = AccentColor;
				CODE_SIGN_STYLE = Automatic;
				DEVELOPMENT_ASSET_PATHS = "\"Animation/Preview Content\"";
				DEVELOPMENT_TEAM = CVQDJYUQXR;
				ENABLE_PREVIEWS = YES;
				INFOPLIST_FILE = Animation/Info.plist;
				IPHONEOS_DEPLOYMENT_TARGET = 14.0;
				LD_RUNPATH_SEARCH_PATHS = (
					"$(inherited)",
					"@executable_path/Frameworks",
				);
				PRODUCT_BUNDLE_IDENTIFIER = com.HubbleApps.Animation;
				PRODUCT_NAME = "$(TARGET_NAME)";
				SWIFT_VERSION = 5.0;
				TARGETED_DEVICE_FAMILY = "1,2";
			};
			name = Debug;
		};
		992E774825C98FA2009B6DAA /* Release */ = {
			isa = XCBuildConfiguration;
			buildSettings = {
				ASSETCATALOG_COMPILER_APPICON_NAME = AppIcon;
				ASSETCATALOG_COMPILER_GLOBAL_ACCENT_COLOR_NAME = AccentColor;
				CODE_SIGN_STYLE = Automatic;
				DEVELOPMENT_ASSET_PATHS = "\"Animation/Preview Content\"";
				DEVELOPMENT_TEAM = CVQDJYUQXR;
				ENABLE_PREVIEWS = YES;
				INFOPLIST_FILE = Animation/Info.plist;
				IPHONEOS_DEPLOYMENT_TARGET = 14.0;
				LD_RUNPATH_SEARCH_PATHS = (
					"$(inherited)",
					"@executable_path/Frameworks",
				);
				PRODUCT_BUNDLE_IDENTIFIER = com.HubbleApps.Animation;
				PRODUCT_NAME = "$(TARGET_NAME)";
				SWIFT_VERSION = 5.0;
				TARGETED_DEVICE_FAMILY = "1,2";
			};
			name = Release;
		};
		992E774A25C98FA2009B6DAA /* Debug */ = {
			isa = XCBuildConfiguration;
			buildSettings = {
				ALWAYS_EMBED_SWIFT_STANDARD_LIBRARIES = YES;
				BUNDLE_LOADER = "$(TEST_HOST)";
				CODE_SIGN_STYLE = Automatic;
				DEVELOPMENT_TEAM = CVQDJYUQXR;
				INFOPLIST_FILE = AnimationTests/Info.plist;
				IPHONEOS_DEPLOYMENT_TARGET = 14.0;
				LD_RUNPATH_SEARCH_PATHS = (
					"$(inherited)",
					"@executable_path/Frameworks",
					"@loader_path/Frameworks",
				);
				PRODUCT_BUNDLE_IDENTIFIER = com.HubbleApps.AnimationTests;
				PRODUCT_NAME = "$(TARGET_NAME)";
				SWIFT_VERSION = 5.0;
				TARGETED_DEVICE_FAMILY = "1,2";
				TEST_HOST = "$(BUILT_PRODUCTS_DIR)/Animation.app/Animation";
			};
			name = Debug;
		};
		992E774B25C98FA2009B6DAA /* Release */ = {
			isa = XCBuildConfiguration;
			buildSettings = {
				ALWAYS_EMBED_SWIFT_STANDARD_LIBRARIES = YES;
				BUNDLE_LOADER = "$(TEST_HOST)";
				CODE_SIGN_STYLE = Automatic;
				DEVELOPMENT_TEAM = CVQDJYUQXR;
				INFOPLIST_FILE = AnimationTests/Info.plist;
				IPHONEOS_DEPLOYMENT_TARGET = 14.0;
				LD_RUNPATH_SEARCH_PATHS = (
					"$(inherited)",
					"@executable_path/Frameworks",
					"@loader_path/Frameworks",
				);
				PRODUCT_BUNDLE_IDENTIFIER = com.HubbleApps.AnimationTests;
				PRODUCT_NAME = "$(TARGET_NAME)";
				SWIFT_VERSION = 5.0;
				TARGETED_DEVICE_FAMILY = "1,2";
				TEST_HOST = "$(BUILT_PRODUCTS_DIR)/Animation.app/Animation";
			};
			name = Release;
		};
		992E774D25C98FA2009B6DAA /* Debug */ = {
			isa = XCBuildConfiguration;
			buildSettings = {
				ALWAYS_EMBED_SWIFT_STANDARD_LIBRARIES = YES;
				CODE_SIGN_STYLE = Automatic;
				DEVELOPMENT_TEAM = CVQDJYUQXR;
				INFOPLIST_FILE = AnimationUITests/Info.plist;
				LD_RUNPATH_SEARCH_PATHS = (
					"$(inherited)",
					"@executable_path/Frameworks",
					"@loader_path/Frameworks",
				);
				PRODUCT_BUNDLE_IDENTIFIER = com.HubbleApps.AnimationUITests;
				PRODUCT_NAME = "$(TARGET_NAME)";
				SWIFT_VERSION = 5.0;
				TARGETED_DEVICE_FAMILY = "1,2";
				TEST_TARGET_NAME = Animation;
			};
			name = Debug;
		};
		992E774E25C98FA2009B6DAA /* Release */ = {
			isa = XCBuildConfiguration;
			buildSettings = {
				ALWAYS_EMBED_SWIFT_STANDARD_LIBRARIES = YES;
				CODE_SIGN_STYLE = Automatic;
				DEVELOPMENT_TEAM = CVQDJYUQXR;
				INFOPLIST_FILE = AnimationUITests/Info.plist;
				LD_RUNPATH_SEARCH_PATHS = (
					"$(inherited)",
					"@executable_path/Frameworks",
					"@loader_path/Frameworks",
				);
				PRODUCT_BUNDLE_IDENTIFIER = com.HubbleApps.AnimationUITests;
				PRODUCT_NAME = "$(TARGET_NAME)";
				SWIFT_VERSION = 5.0;
				TARGETED_DEVICE_FAMILY = "1,2";
				TEST_TARGET_NAME = Animation;
			};
			name = Release;
		};
/* End XCBuildConfiguration section */

/* Begin XCConfigurationList section */
		992E771725C98F9C009B6DAA /* Build configuration list for PBXProject "Animation" */ = {
			isa = XCConfigurationList;
			buildConfigurations = (
				992E774425C98FA2009B6DAA /* Debug */,
				992E774525C98FA2009B6DAA /* Release */,
			);
			defaultConfigurationIsVisible = 0;
			defaultConfigurationName = Release;
		};
		992E774625C98FA2009B6DAA /* Build configuration list for PBXNativeTarget "Animation" */ = {
			isa = XCConfigurationList;
			buildConfigurations = (
				992E774725C98FA2009B6DAA /* Debug */,
				992E774825C98FA2009B6DAA /* Release */,
			);
			defaultConfigurationIsVisible = 0;
			defaultConfigurationName = Release;
		};
		992E774925C98FA2009B6DAA /* Build configuration list for PBXNativeTarget "AnimationTests" */ = {
			isa = XCConfigurationList;
			buildConfigurations = (
				992E774A25C98FA2009B6DAA /* Debug */,
				992E774B25C98FA2009B6DAA /* Release */,
			);
			defaultConfigurationIsVisible = 0;
			defaultConfigurationName = Release;
		};
		992E774C25C98FA2009B6DAA /* Build configuration list for PBXNativeTarget "AnimationUITests" */ = {
			isa = XCConfigurationList;
			buildConfigurations = (
				992E774D25C98FA2009B6DAA /* Debug */,
				992E774E25C98FA2009B6DAA /* Release */,
			);
			defaultConfigurationIsVisible = 0;
			defaultConfigurationName = Release;
		};
/* End XCConfigurationList section */

/* Begin XCVersionGroup section */
		992E772A25C98FA2009B6DAA /* Animation.xcdatamodeld */ = {
			isa = XCVersionGroup;
			children = (
				992E772B25C98FA2009B6DAA /* Animation.xcdatamodel */,
			);
			currentVersion = 992E772B25C98FA2009B6DAA /* Animation.xcdatamodel */;
			path = Animation.xcdatamodeld;
			sourceTree = "<group>";
			versionGroupType = wrapper.xcdatamodel;
		};
/* End XCVersionGroup section */
	};
	rootObject = 992E771425C98F9C009B6DAA /* Project object */;
}
